
Microsoft Visual Studio Solution File, Format Version 12.00
# Visual Studio Version 17
VisualStudioVersion = 17.12.35514.174
MinimumVisualStudioVersion = 10.0.40219.1
Project("{2150E333-8FDC-42A3-9474-1A3956D46DE8}") = "Solution Items", "Solution Items", "{4E87522B-8459-44E9-91D3-F0449CF316FD}"
	ProjectSection(SolutionItems) = preProject
		specification.yaml = specification.yaml
	EndProjectSection
EndProject
Project("{FAE04EC0-301F-11D3-BF4B-00C04F79EFBC}") = "calculator.backend", "calculator.backend\calculator.backend.csproj", "{0947BFB0-D0F7-4BAB-B852-302D13773FC1}"
EndProject
Project("{2150E333-8FDC-42A3-9474-1A3956D46DE8}") = "tests", "tests", "{3AD90A31-FAB2-4258-96B0-ABA75D1B9B06}"
EndProject
Project("{FAE04EC0-301F-11D3-BF4B-00C04F79EFBC}") = "calculator.frontend", "calculator.frontend\calculator.frontend.csproj", "{3BB0228E-4EEC-4739-B0DF-9855E3000FAB}"
EndProject
Project("{FAE04EC0-301F-11D3-BF4B-00C04F79EFBC}") = "calculator.frontend.tests", "calculator.frontend.tests\calculator.frontend.tests.csproj", "{559CCE3C-9BB2-458E-B9FE-B06517E9DDBB}"
EndProject
Project("{FAE04EC0-301F-11D3-BF4B-00C04F79EFBC}") = "calculator.lib", "calculator.lib\calculator.lib.csproj", "{CB6B03B3-C349-4BF2-938D-E03C97F5539F}"
EndProject
Project("{FAE04EC0-301F-11D3-BF4B-00C04F79EFBC}") = "calculator.lib.test", "calculator.lib.test\calculator.lib.test.csproj", "{65981AAC-516F-475E-95F6-4E9D4607BFE7}"
EndProject
Global
	GlobalSection(SolutionConfigurationPlatforms) = preSolution
		Debug|Any CPU = Debug|Any CPU
		Release|Any CPU = Release|Any CPU
	EndGlobalSection
	GlobalSection(ProjectConfigurationPlatforms) = postSolution
		{0947BFB0-D0F7-4BAB-B852-302D13773FC1}.Debug|Any CPU.ActiveCfg = Debug|Any CPU
		{0947BFB0-D0F7-4BAB-B852-302D13773FC1}.Debug|Any CPU.Build.0 = Debug|Any CPU
		{0947BFB0-D0F7-4BAB-B852-302D13773FC1}.Release|Any CPU.ActiveCfg = Release|Any CPU
		{0947BFB0-D0F7-4BAB-B852-302D13773FC1}.Release|Any CPU.Build.0 = Release|Any CPU
		{3BB0228E-4EEC-4739-B0DF-9855E3000FAB}.Debug|Any CPU.ActiveCfg = Debug|Any CPU
		{3BB0228E-4EEC-4739-B0DF-9855E3000FAB}.Debug|Any CPU.Build.0 = Debug|Any CPU
		{3BB0228E-4EEC-4739-B0DF-9855E3000FAB}.Release|Any CPU.ActiveCfg = Release|Any CPU
		{3BB0228E-4EEC-4739-B0DF-9855E3000FAB}.Release|Any CPU.Build.0 = Release|Any CPU
		{559CCE3C-9BB2-458E-B9FE-B06517E9DDBB}.Debug|Any CPU.ActiveCfg = Debug|Any CPU
		{559CCE3C-9BB2-458E-B9FE-B06517E9DDBB}.Debug|Any CPU.Build.0 = Debug|Any CPU
		{559CCE3C-9BB2-458E-B9FE-B06517E9DDBB}.Release|Any CPU.ActiveCfg = Release|Any CPU
		{559CCE3C-9BB2-458E-B9FE-B06517E9DDBB}.Release|Any CPU.Build.0 = Release|Any CPU
		{CB6B03B3-C349-4BF2-938D-E03C97F5539F}.Debug|Any CPU.ActiveCfg = Debug|Any CPU
		{CB6B03B3-C349-4BF2-938D-E03C97F5539F}.Debug|Any CPU.Build.0 = Debug|Any CPU
		{CB6B03B3-C349-4BF2-938D-E03C97F5539F}.Release|Any CPU.ActiveCfg = Release|Any CPU
		{CB6B03B3-C349-4BF2-938D-E03C97F5539F}.Release|Any CPU.Build.0 = Release|Any CPU
		{65981AAC-516F-475E-95F6-4E9D4607BFE7}.Debug|Any CPU.ActiveCfg = Debug|Any CPU
		{65981AAC-516F-475E-95F6-4E9D4607BFE7}.Debug|Any CPU.Build.0 = Debug|Any CPU
		{65981AAC-516F-475E-95F6-4E9D4607BFE7}.Release|Any CPU.ActiveCfg = Release|Any CPU
		{65981AAC-516F-475E-95F6-4E9D4607BFE7}.Release|Any CPU.Build.0 = Release|Any CPU
	EndGlobalSection
	GlobalSection(SolutionProperties) = preSolution
		HideSolutionNode = FALSE
	EndGlobalSection
	GlobalSection(NestedProjects) = preSolution
		{559CCE3C-9BB2-458E-B9FE-B06517E9DDBB} = {3AD90A31-FAB2-4258-96B0-ABA75D1B9B06}
		{65981AAC-516F-475E-95F6-4E9D4607BFE7} = {3AD90A31-FAB2-4258-96B0-ABA75D1B9B06}
	EndGlobalSection
EndGlobal
